
Microsoft Visual Studio Solution File, Format Version 12.00
# Visual Studio Version 17
VisualStudioVersion = 17.4.33403.182
MinimumVisualStudioVersion = 10.0.40219.1
Project("{9A19103F-16F7-4668-BE54-9A1E7A4F7556}") = "FibonacciSeries", "ConsoleApp3\FibonacciSeries.csproj", "{6359DCB9-6AC5-46FF-89E5-86FE258BA8C6}"
EndProject
Global
	GlobalSection(SolutionConfigurationPlatforms) = preSolution
		Debug|Any CPU = Debug|Any CPU
		Release|Any CPU = Release|Any CPU
	EndGlobalSection
	GlobalSection(ProjectConfigurationPlatforms) = postSolution
		{6359DCB9-6AC5-46FF-89E5-86FE258BA8C6}.Debug|Any CPU.ActiveCfg = Debug|Any CPU
		{6359DCB9-6AC5-46FF-89E5-86FE258BA8C6}.Debug|Any CPU.Build.0 = Debug|Any CPU
		{6359DCB9-6AC5-46FF-89E5-86FE258BA8C6}.Release|Any CPU.ActiveCfg = Release|Any CPU
		{6359DCB9-6AC5-46FF-89E5-86FE258BA8C6}.Release|Any CPU.Build.0 = Release|Any CPU
	EndGlobalSection
	GlobalSection(SolutionProperties) = preSolution
		HideSolutionNode = FALSE
	EndGlobalSection
	GlobalSection(ExtensibilityGlobals) = postSolution
		SolutionGuid = {F2F43FF9-ED13-4CCE-BB1D-8BC70C118624}
	EndGlobalSection
EndGlobal
