
Microsoft Visual Studio Solution File, Format Version 12.00
# Visual Studio Version 17
VisualStudioVersion = 17.4.33403.182
MinimumVisualStudioVersion = 10.0.40219.1
Project("{FAE04EC0-301F-11D3-BF4B-00C04F79EFBC}") = "GrossPay", "GrossPay\GrossPay.csproj", "{46023285-78B5-42B2-9BB8-592FB3B0E741}"
EndProject
Global
	GlobalSection(SolutionConfigurationPlatforms) = preSolution
		Debug|Any CPU = Debug|Any CPU
		Release|Any CPU = Release|Any CPU
	EndGlobalSection
	GlobalSection(ProjectConfigurationPlatforms) = postSolution
		{46023285-78B5-42B2-9BB8-592FB3B0E741}.Debug|Any CPU.ActiveCfg = Debug|Any CPU
		{46023285-78B5-42B2-9BB8-592FB3B0E741}.Debug|Any CPU.Build.0 = Debug|Any CPU
		{46023285-78B5-42B2-9BB8-592FB3B0E741}.Release|Any CPU.ActiveCfg = Release|Any CPU
		{46023285-78B5-42B2-9BB8-592FB3B0E741}.Release|Any CPU.Build.0 = Release|Any CPU
	EndGlobalSection
	GlobalSection(SolutionProperties) = preSolution
		HideSolutionNode = FALSE
	EndGlobalSection
	GlobalSection(ExtensibilityGlobals) = postSolution
		SolutionGuid = {CA4D1CCE-DAA7-4DC3-984F-6E50A8DECC5D}
	EndGlobalSection
EndGlobal
